{
    "_readme": [
        "This file locks the dependencies of your project to a known state",
        "Read more about it at https://getcomposer.org/doc/01-basic-usage.md#composer-lock-the-lock-file",
        "This file is @generated automatically"
    ],
    "hash": "6dc5cb36d78f163bd3391f6691ef3ae0",
    "packages": [
        {
            "name": "fkooman/http",
            "version": "1.0.1",
            "source": {
                "type": "git",
                "url": "https://github.com/fkooman/php-lib-http.git",
                "reference": "0069355d4797fe51b358e9386d4c6c261a7f0880"
            },
            "dist": {
                "type": "zip",
                "url": "https://api.github.com/repos/fkooman/php-lib-http/zipball/0069355d4797fe51b358e9386d4c6c261a7f0880",
                "reference": "0069355d4797fe51b358e9386d4c6c261a7f0880",
                "shasum": ""
            },
            "require": {
                "ext-mbstring": "*",
                "ext-session": "*",
                "ext-spl": "*",
                "fkooman/json": "^1.0.0",
                "php": ">=5.3.0"
            },
            "suggest": {
                "fkooman/rest": "Simple PHP library for writing REST services."
            },
            "type": "library",
            "autoload": {
                "psr-0": {
                    "fkooman\\Http\\": "src/"
                }
            },
            "notification-url": "https://packagist.org/downloads/",
            "license": [
                "Apache-2.0"
            ],
            "authors": [
                {
                    "name": "François Kooman",
                    "email": "fkooman@tuxed.net",
                    "role": "Developer"
                }
            ],
            "description": "Simple PHP library for dealing with HTTP requests and responses.",
            "time": "2015-09-07 20:18:19"
        },
        {
            "name": "fkooman/ini",
            "version": "1.0.0",
            "source": {
                "type": "git",
                "url": "https://github.com/fkooman/php-lib-ini.git",
                "reference": "b380a88e42ce2184e822cc8b89223cd777c484be"
            },
            "dist": {
                "type": "zip",
                "url": "https://api.github.com/repos/fkooman/php-lib-ini/zipball/b380a88e42ce2184e822cc8b89223cd777c484be",
                "reference": "b380a88e42ce2184e822cc8b89223cd777c484be",
                "shasum": ""
            },
            "require": {
                "ext-spl": "*",
                "php": ">=5.3.3"
            },
            "type": "library",
            "autoload": {
                "psr-0": {
                    "fkooman\\Ini\\": "src/"
                }
            },
            "notification-url": "https://packagist.org/downloads/",
            "license": [
                "Apache-2.0"
            ],
            "authors": [
                {
                    "name": "François Kooman",
                    "email": "fkooman@tuxed.net",
                    "role": "Developer"
                }
            ],
            "description": "Handle INI configuration files",
            "time": "2015-07-13 12:06:01"
        },
        {
            "name": "fkooman/json",
            "version": "1.0.0",
            "source": {
                "type": "git",
                "url": "https://github.com/fkooman/php-lib-json.git",
                "reference": "f24b7ee1890b29358402defcd9581a4e969e40d7"
            },
            "dist": {
                "type": "zip",
                "url": "https://api.github.com/repos/fkooman/php-lib-json/zipball/f24b7ee1890b29358402defcd9581a4e969e40d7",
                "reference": "f24b7ee1890b29358402defcd9581a4e969e40d7",
                "shasum": ""
            },
            "require": {
                "ext-json": "*",
                "ext-spl": "*",
                "php": ">=5.3.3"
            },
            "type": "library",
            "autoload": {
                "psr-0": {
                    "fkooman\\Json\\": "src/"
                }
            },
            "notification-url": "https://packagist.org/downloads/",
            "license": [
                "Apache-2.0"
            ],
            "authors": [
                {
                    "name": "François Kooman",
                    "email": "fkooman@tuxed.net",
                    "role": "Developer"
                }
            ],
            "description": "PHP library to encode and decode JSON",
            "time": "2015-07-13 11:58:01"
        },
        {
            "name": "fkooman/rest",
            "version": "1.0.4",
            "source": {
                "type": "git",
                "url": "https://github.com/fkooman/php-lib-rest.git",
                "reference": "bccb1f3725a7b05bc76db5283d752e9eb7bc28b7"
            },
            "dist": {
                "type": "zip",
                "url": "https://api.github.com/repos/fkooman/php-lib-rest/zipball/bccb1f3725a7b05bc76db5283d752e9eb7bc28b7",
                "reference": "bccb1f3725a7b05bc76db5283d752e9eb7bc28b7",
                "shasum": ""
            },
            "require": {
                "ext-pcre": "*",
                "ext-spl": "*",
                "fkooman/http": "^1.0.0",
                "php": ">=5.3.0"
            },
            "suggest": {
                "fkooman/rest-plugin-authentication": "Authentication plugin"
            },
            "type": "library",
            "autoload": {
                "psr-0": {
                    "fkooman\\Rest\\": "src/"
                }
            },
            "notification-url": "https://packagist.org/downloads/",
            "license": [
                "Apache-2.0"
            ],
            "authors": [
                {
                    "name": "François Kooman",
                    "email": "fkooman@tuxed.net",
                    "role": "Developer"
                }
            ],
            "description": "Simple PHP library for writing REST services.",
            "time": "2015-09-07 20:51:18"
        },
        {
            "name": "fkooman/rest-plugin-authentication",
            "version": "1.0.1",
            "source": {
                "type": "git",
                "url": "https://github.com/fkooman/php-lib-rest-plugin-authentication.git",
                "reference": "058406d6a569e2fdbfb7899a4ba1d9720b7f70f0"
            },
            "dist": {
                "type": "zip",
                "url": "https://api.github.com/repos/fkooman/php-lib-rest-plugin-authentication/zipball/058406d6a569e2fdbfb7899a4ba1d9720b7f70f0",
                "reference": "058406d6a569e2fdbfb7899a4ba1d9720b7f70f0",
                "shasum": ""
            },
            "require": {
                "ext-spl": "*",
                "fkooman/rest": "^1.0.0",
                "php": ">=5.3.0"
            },
            "suggest": {
                "fkooman/rest-plugin-authentication-basic": "Basic Authentication plugin",
                "fkooman/rest-plugin-authentication-bearer": "Bearer (OAuth) Authentication plugin",
                "fkooman/rest-plugin-authentication-indieauth": "IndieAuth Authentication plugin",
                "fkooman/rest-plugin-authentication-mellon": "Mellon (SAML) Authentication plugin",
                "fkooman/rest-plugin-authentication-tls": "TLS Client Certificate Authentication plugin"
            },
            "type": "library",
            "autoload": {
                "psr-0": {
                    "fkooman\\Rest\\Plugin\\Authentication\\": "src/"
                }
            },
            "notification-url": "https://packagist.org/downloads/",
            "license": [
                "Apache-2.0"
            ],
            "authors": [
                {
                    "name": "François Kooman",
                    "email": "fkooman@tuxed.net",
                    "role": "Developer"
                }
            ],
            "description": "Authentication plugin for fkooman/rest",
            "time": "2015-09-12 13:27:40"
        },
        {
            "name": "fkooman/rest-plugin-authentication-basic",
            "version": "1.0.1",
            "source": {
                "type": "git",
                "url": "https://github.com/fkooman/php-lib-rest-plugin-authentication-basic.git",
                "reference": "3d068359981baedff36b68b9f17fef27682fb405"
            },
            "dist": {
                "type": "zip",
                "url": "https://api.github.com/repos/fkooman/php-lib-rest-plugin-authentication-basic/zipball/3d068359981baedff36b68b9f17fef27682fb405",
                "reference": "3d068359981baedff36b68b9f17fef27682fb405",
                "shasum": ""
            },
            "require": {
                "fkooman/rest": "^1.0.0",
                "fkooman/rest-plugin-authentication": "^1.0.0",
                "ircmaxell/password-compat": "~1.0",
                "php": ">=5.3.0"
            },
            "type": "library",
            "autoload": {
                "psr-0": {
                    "fkooman\\Rest\\Plugin\\Authentication\\Basic\\": "src/"
                }
            },
            "notification-url": "https://packagist.org/downloads/",
            "license": [
                "Apache-2.0"
            ],
            "authors": [
                {
                    "name": "François Kooman",
                    "email": "fkooman@tuxed.net",
                    "role": "Developer"
                }
            ],
            "description": "Basic Authentication plugin for fkooman/rest",
            "time": "2015-09-12 15:53:49"
        },
        {
            "name": "fkooman/tpl",
            "version": "2.0.0",
            "source": {
                "type": "git",
                "url": "https://github.com/fkooman/php-lib-tpl.git",
                "reference": "ce51fa8da33d231aaeefd4558f1d813a1edc5931"
            },
            "dist": {
                "type": "zip",
                "url": "https://api.github.com/repos/fkooman/php-lib-tpl/zipball/ce51fa8da33d231aaeefd4558f1d813a1edc5931",
                "reference": "ce51fa8da33d231aaeefd4558f1d813a1edc5931",
                "shasum": ""
            },
            "require": {
                "php": ">= 5.3.3"
            },
            "type": "library",
            "autoload": {
                "psr-0": {
                    "fkooman\\Tpl\\": "src/"
                }
            },
            "notification-url": "https://packagist.org/downloads/",
            "license": [
                "Apache-2.0"
            ],
            "authors": [
                {
                    "name": "François Kooman",
                    "email": "fkooman@tuxed.net"
                }
            ],
            "description": "Simple Template Abstraction Library",
            "time": "2015-08-10 11:04:40"
        },
        {
            "name": "fkooman/tpl-twig",
            "version": "1.0.0",
            "source": {
                "type": "git",
                "url": "https://github.com/fkooman/php-lib-tpl-twig.git",
                "reference": "02c3e0e0a568990b54107f1f8dcf05216388aea2"
            },
            "dist": {
                "type": "zip",
                "url": "https://api.github.com/repos/fkooman/php-lib-tpl-twig/zipball/02c3e0e0a568990b54107f1f8dcf05216388aea2",
                "reference": "02c3e0e0a568990b54107f1f8dcf05216388aea2",
                "shasum": ""
            },
            "require": {
                "ext-spl": "*",
                "fkooman/tpl": "^2.0.0",
                "php": ">= 5.3.3",
                "twig/twig": "^1.18"
            },
            "type": "library",
            "autoload": {
                "psr-0": {
                    "fkooman\\Tpl\\Twig\\": "src/"
                }
            },
            "notification-url": "https://packagist.org/downloads/",
            "license": [
                "Apache-2.0"
            ],
            "authors": [
                {
                    "name": "François Kooman",
                    "email": "fkooman@tuxed.net"
                }
            ],
            "description": "Twig for Simple Template Abstraction Library",
            "time": "2015-08-10 11:08:23"
        },
        {
            "name": "ircmaxell/password-compat",
            "version": "v1.0.4",
            "source": {
                "type": "git",
                "url": "https://github.com/ircmaxell/password_compat.git",
                "reference": "5c5cde8822a69545767f7c7f3058cb15ff84614c"
            },
            "dist": {
                "type": "zip",
                "url": "https://api.github.com/repos/ircmaxell/password_compat/zipball/5c5cde8822a69545767f7c7f3058cb15ff84614c",
                "reference": "5c5cde8822a69545767f7c7f3058cb15ff84614c",
                "shasum": ""
            },
            "require-dev": {
                "phpunit/phpunit": "4.*"
            },
            "type": "library",
            "autoload": {
                "files": [
                    "lib/password.php"
                ]
            },
            "notification-url": "https://packagist.org/downloads/",
            "license": [
                "MIT"
            ],
            "authors": [
                {
                    "name": "Anthony Ferrara",
                    "email": "ircmaxell@php.net",
                    "homepage": "http://blog.ircmaxell.com"
                }
            ],
            "description": "A compatibility library for the proposed simplified password hashing algorithm: https://wiki.php.net/rfc/password_hash",
            "homepage": "https://github.com/ircmaxell/password_compat",
            "keywords": [
                "hashing",
                "password"
            ],
            "time": "2014-11-20 16:49:30"
        },
        {
            "name": "twig/twig",
            "version": "v1.22.1",
            "source": {
                "type": "git",
                "url": "https://github.com/twigphp/Twig.git",
                "reference": "b7fc2469fa009897871fb95b68237286fc54a5ad"
            },
            "dist": {
                "type": "zip",
                "url": "https://api.github.com/repos/twigphp/Twig/zipball/b7fc2469fa009897871fb95b68237286fc54a5ad",
                "reference": "b7fc2469fa009897871fb95b68237286fc54a5ad",
                "shasum": ""
            },
            "require": {
                "php": ">=5.2.7"
            },
            "require-dev": {
                "symfony/debug": "~2.7",
                "symfony/phpunit-bridge": "~2.7"
            },
            "type": "library",
            "extra": {
                "branch-alias": {
                    "dev-master": "1.22-dev"
                }
            },
            "autoload": {
                "psr-0": {
                    "Twig_": "lib/"
                }
            },
            "notification-url": "https://packagist.org/downloads/",
            "license": [
                "BSD-3-Clause"
            ],
            "authors": [
                {
                    "name": "Fabien Potencier",
                    "email": "fabien@symfony.com",
                    "homepage": "http://fabien.potencier.org",
                    "role": "Lead Developer"
                },
                {
                    "name": "Armin Ronacher",
                    "email": "armin.ronacher@active-4.com",
                    "role": "Project Founder"
                },
                {
                    "name": "Twig Team",
                    "homepage": "http://twig.sensiolabs.org/contributors",
                    "role": "Contributors"
                }
            ],
            "description": "Twig, the flexible, fast, and secure template language for PHP",
            "homepage": "http://twig.sensiolabs.org",
            "keywords": [
                "templating"
            ],
            "time": "2015-09-15 06:50:16"
        }
    ],
    "packages-dev": [],
    "aliases": [],
    "minimum-stability": "stable",
    "stability-flags": [],
    "prefer-stable": false,
    "prefer-lowest": false,
    "platform": {
        "ext-date": "*",
        "ext-pcre": "*",
        "ext-pdo": "*",
        "php": ">=5.4"
    },
    "platform-dev": []
}
